
Microsoft Visual Studio Solution File, Format Version 12.00
# Visual Studio Version 17
VisualStudioVersion = 17.9.34616.47
MinimumVisualStudioVersion = 10.0.40219.1
Project("{8BC9CEB8-8B4A-11D0-8D11-00A0C91BC942}") = "ioFile", "ioFile\ioFile.vcxproj", "{F97A53FB-756F-4D23-AF0D-B333A3A37ECA}"
EndProject
Project("{8BC9CEB8-8B4A-11D0-8D11-00A0C91BC942}") = "ioFileWithPath", "ioFileWithPath\ioFileWithPath.vcxproj", "{70C1EA91-EC56-47B6-98E5-CC0914F0131A}"
EndProject
Project("{8BC9CEB8-8B4A-11D0-8D11-00A0C91BC942}") = "exceptionStandard", "exceptionStandard\exceptionStandard.vcxproj", "{5FB09C31-8E6C-45BE-B433-16C6D7F87BD9}"
EndProject
Project("{8BC9CEB8-8B4A-11D0-8D11-00A0C91BC942}") = "manualException", "manualException\manualException.vcxproj", "{D6D1045F-D735-4C5B-84C5-6B4E6C618FF6}"
EndProject
Global
	GlobalSection(SolutionConfigurationPlatforms) = preSolution
		Debug|x64 = Debug|x64
		Debug|x86 = Debug|x86
		Release|x64 = Release|x64
		Release|x86 = Release|x86
	EndGlobalSection
	GlobalSection(ProjectConfigurationPlatforms) = postSolution
		{F97A53FB-756F-4D23-AF0D-B333A3A37ECA}.Debug|x64.ActiveCfg = Debug|x64
		{F97A53FB-756F-4D23-AF0D-B333A3A37ECA}.Debug|x64.Build.0 = Debug|x64
		{F97A53FB-756F-4D23-AF0D-B333A3A37ECA}.Debug|x86.ActiveCfg = Debug|Win32
		{F97A53FB-756F-4D23-AF0D-B333A3A37ECA}.Debug|x86.Build.0 = Debug|Win32
		{F97A53FB-756F-4D23-AF0D-B333A3A37ECA}.Release|x64.ActiveCfg = Release|x64
		{F97A53FB-756F-4D23-AF0D-B333A3A37ECA}.Release|x64.Build.0 = Release|x64
		{F97A53FB-756F-4D23-AF0D-B333A3A37ECA}.Release|x86.ActiveCfg = Release|Win32
		{F97A53FB-756F-4D23-AF0D-B333A3A37ECA}.Release|x86.Build.0 = Release|Win32
		{70C1EA91-EC56-47B6-98E5-CC0914F0131A}.Debug|x64.ActiveCfg = Debug|x64
		{70C1EA91-EC56-47B6-98E5-CC0914F0131A}.Debug|x64.Build.0 = Debug|x64
		{70C1EA91-EC56-47B6-98E5-CC0914F0131A}.Debug|x86.ActiveCfg = Debug|Win32
		{70C1EA91-EC56-47B6-98E5-CC0914F0131A}.Debug|x86.Build.0 = Debug|Win32
		{70C1EA91-EC56-47B6-98E5-CC0914F0131A}.Release|x64.ActiveCfg = Release|x64
		{70C1EA91-EC56-47B6-98E5-CC0914F0131A}.Release|x64.Build.0 = Release|x64
		{70C1EA91-EC56-47B6-98E5-CC0914F0131A}.Release|x86.ActiveCfg = Release|Win32
		{70C1EA91-EC56-47B6-98E5-CC0914F0131A}.Release|x86.Build.0 = Release|Win32
		{5FB09C31-8E6C-45BE-B433-16C6D7F87BD9}.Debug|x64.ActiveCfg = Debug|x64
		{5FB09C31-8E6C-45BE-B433-16C6D7F87BD9}.Debug|x64.Build.0 = Debug|x64
		{5FB09C31-8E6C-45BE-B433-16C6D7F87BD9}.Debug|x86.ActiveCfg = Debug|Win32
		{5FB09C31-8E6C-45BE-B433-16C6D7F87BD9}.Debug|x86.Build.0 = Debug|Win32
		{5FB09C31-8E6C-45BE-B433-16C6D7F87BD9}.Release|x64.ActiveCfg = Release|x64
		{5FB09C31-8E6C-45BE-B433-16C6D7F87BD9}.Release|x64.Build.0 = Release|x64
		{5FB09C31-8E6C-45BE-B433-16C6D7F87BD9}.Release|x86.ActiveCfg = Release|Win32
		{5FB09C31-8E6C-45BE-B433-16C6D7F87BD9}.Release|x86.Build.0 = Release|Win32
		{D6D1045F-D735-4C5B-84C5-6B4E6C618FF6}.Debug|x64.ActiveCfg = Debug|x64
		{D6D1045F-D735-4C5B-84C5-6B4E6C618FF6}.Debug|x64.Build.0 = Debug|x64
		{D6D1045F-D735-4C5B-84C5-6B4E6C618FF6}.Debug|x86.ActiveCfg = Debug|Win32
		{D6D1045F-D735-4C5B-84C5-6B4E6C618FF6}.Debug|x86.Build.0 = Debug|Win32
		{D6D1045F-D735-4C5B-84C5-6B4E6C618FF6}.Release|x64.ActiveCfg = Release|x64
		{D6D1045F-D735-4C5B-84C5-6B4E6C618FF6}.Release|x64.Build.0 = Release|x64
		{D6D1045F-D735-4C5B-84C5-6B4E6C618FF6}.Release|x86.ActiveCfg = Release|Win32
		{D6D1045F-D735-4C5B-84C5-6B4E6C618FF6}.Release|x86.Build.0 = Release|Win32
	EndGlobalSection
	GlobalSection(SolutionProperties) = preSolution
		HideSolutionNode = FALSE
	EndGlobalSection
	GlobalSection(ExtensibilityGlobals) = postSolution
		SolutionGuid = {0F4A3CE6-E299-4D77-81A8-6099D554D40E}
	EndGlobalSection
EndGlobal
